{
  "requires": true,
  "lockfileVersion": 1,
  "dependencies": {
    "clsy": {
      "version": "1.2.0",
      "resolved": "https://registry.npmjs.org/clsy/-/clsy-1.2.0.tgz",
      "integrity": "sha512-ZvuAfFmGO9czNclzJAv9afJdy0w7nTe+SjQmOzovK6fxrOF45sdRHSx4VLOn75XJrQE4ZM3VQjc/y0M4EGWYfg=="
    }
  },
  "version": "1.3.0"
}
