{
  "requires": true,
  "lockfileVersion": 1,
  "dependencies": {
    "clsy": {
      "version": "1.3.0",
      "resolved": "https://registry.npmjs.org/clsy/-/clsy-1.3.0.tgz",
      "integrity": "sha512-l9HMgMN3rm/2A+Mfp2BoafMBgUSqfwvYDQKOmHawQU7/nRm5Vd3Jkvtd4FYKRw9vv1g8HwuG+FsQEu4hR69wFw=="
    }
  }
}
