{
  "requires": true,
  "lockfileVersion": 1,
  "dependencies": {
    "clsy": {
      "version": "1.1.1",
      "resolved": "https://registry.npmjs.org/clsy/-/clsy-1.1.1.tgz",
      "integrity": "sha512-aXS1XuBGT97MifDSKGsszXRCyY3XwNCHSP/LS028WjH+OUxAYRHLmjQcRAqYsTVVV2Ul6kCRelq74vAZsQj4jw=="
    }
  }
}
