# THIS IS AN AUTOGENERATED FILE. DO NOT EDIT THIS FILE DIRECTLY.
# yarn lockfile v1


clsy@^1.1.1:
  version "1.1.1"
  resolved "https://registry.yarnpkg.com/clsy/-/clsy-1.1.1.tgz#bd250d54416e931047c9be33cb4a2bb1fada33ad"
  integrity sha512-aXS1XuBGT97MifDSKGsszXRCyY3XwNCHSP/LS028WjH+OUxAYRHLmjQcRAqYsTVVV2Ul6kCRelq74vAZsQj4jw==
